
Microsoft Visual Studio Solution File, Format Version 12.00
# Visual Studio Version 16
VisualStudioVersion = 16.0.31005.135
MinimumVisualStudioVersion = 10.0.40219.1
Project("{FAE04EC0-301F-11D3-BF4B-00C04F79EFBC}") = "LinkedStructure", "LinkedStructure\LinkedStructure.csproj", "{7C127348-5167-4C73-9009-B5FB51694A2D}"
EndProject
Project("{FAE04EC0-301F-11D3-BF4B-00C04F79EFBC}") = "LinkedApp", "LinkedApp\LinkedApp.csproj", "{9377D8FA-97D0-4388-8491-549C95741E92}"
EndProject
Project("{9A19103F-16F7-4668-BE54-9A1E7A4F7556}") = "LinkedTests", "LinkedTests\LinkedTests.csproj", "{BBD734F2-26E8-4B2B-804F-37292975B1E8}"
EndProject
Project("{FAE04EC0-301F-11D3-BF4B-00C04F79EFBC}") = "LinkedForm", "LinkedForm\LinkedForm.csproj", "{F2C2FD25-7345-4534-8814-40567A03E0C9}"
EndProject
Global
	GlobalSection(SolutionConfigurationPlatforms) = preSolution
		Debug|Any CPU = Debug|Any CPU
		Release|Any CPU = Release|Any CPU
	EndGlobalSection
	GlobalSection(ProjectConfigurationPlatforms) = postSolution
		{7C127348-5167-4C73-9009-B5FB51694A2D}.Debug|Any CPU.ActiveCfg = Debug|Any CPU
		{7C127348-5167-4C73-9009-B5FB51694A2D}.Debug|Any CPU.Build.0 = Debug|Any CPU
		{7C127348-5167-4C73-9009-B5FB51694A2D}.Release|Any CPU.ActiveCfg = Release|Any CPU
		{7C127348-5167-4C73-9009-B5FB51694A2D}.Release|Any CPU.Build.0 = Release|Any CPU
		{9377D8FA-97D0-4388-8491-549C95741E92}.Debug|Any CPU.ActiveCfg = Debug|Any CPU
		{9377D8FA-97D0-4388-8491-549C95741E92}.Debug|Any CPU.Build.0 = Debug|Any CPU
		{9377D8FA-97D0-4388-8491-549C95741E92}.Release|Any CPU.ActiveCfg = Release|Any CPU
		{9377D8FA-97D0-4388-8491-549C95741E92}.Release|Any CPU.Build.0 = Release|Any CPU
		{BBD734F2-26E8-4B2B-804F-37292975B1E8}.Debug|Any CPU.ActiveCfg = Debug|Any CPU
		{BBD734F2-26E8-4B2B-804F-37292975B1E8}.Debug|Any CPU.Build.0 = Debug|Any CPU
		{BBD734F2-26E8-4B2B-804F-37292975B1E8}.Release|Any CPU.ActiveCfg = Release|Any CPU
		{BBD734F2-26E8-4B2B-804F-37292975B1E8}.Release|Any CPU.Build.0 = Release|Any CPU
		{F2C2FD25-7345-4534-8814-40567A03E0C9}.Debug|Any CPU.ActiveCfg = Debug|Any CPU
		{F2C2FD25-7345-4534-8814-40567A03E0C9}.Debug|Any CPU.Build.0 = Debug|Any CPU
		{F2C2FD25-7345-4534-8814-40567A03E0C9}.Release|Any CPU.ActiveCfg = Release|Any CPU
		{F2C2FD25-7345-4534-8814-40567A03E0C9}.Release|Any CPU.Build.0 = Release|Any CPU
	EndGlobalSection
	GlobalSection(SolutionProperties) = preSolution
		HideSolutionNode = FALSE
	EndGlobalSection
	GlobalSection(ExtensibilityGlobals) = postSolution
		SolutionGuid = {A6A51BBC-6C92-4090-B235-64547346D343}
	EndGlobalSection
EndGlobal
